
Microsoft Visual Studio Solution File, Format Version 12.00
# Visual Studio Version 17
VisualStudioVersion = 17.0.31903.59
MinimumVisualStudioVersion = 10.0.40219.1
Project("{FAE04EC0-301F-11D3-BF4B-00C04F79EFBC}") = "EcommerceApp.Api", "EcommerceApp.Api\EcommerceApp.Api.csproj", "{6CC81CDD-8F4F-4C10-8B70-5DC4DDAC11D5}"
EndProject
Project("{FAE04EC0-301F-11D3-BF4B-00C04F79EFBC}") = "EcommerceApp.Tests", "EcommerceApp.Tests\EcommerceApp.Tests.csproj", "{3E3C9FFF-6D2B-4815-BC7A-A4F0CB9897AA}"
EndProject
Global
	GlobalSection(SolutionConfigurationPlatforms) = preSolution
		Debug|Any CPU = Debug|Any CPU
		Release|Any CPU = Release|Any CPU
	EndGlobalSection
	GlobalSection(SolutionProperties) = preSolution
		HideSolutionNode = FALSE
	EndGlobalSection
	GlobalSection(ProjectConfigurationPlatforms) = postSolution
		{6CC81CDD-8F4F-4C10-8B70-5DC4DDAC11D5}.Debug|Any CPU.ActiveCfg = Debug|Any CPU
		{6CC81CDD-8F4F-4C10-8B70-5DC4DDAC11D5}.Debug|Any CPU.Build.0 = Debug|Any CPU
		{6CC81CDD-8F4F-4C10-8B70-5DC4DDAC11D5}.Release|Any CPU.ActiveCfg = Release|Any CPU
		{6CC81CDD-8F4F-4C10-8B70-5DC4DDAC11D5}.Release|Any CPU.Build.0 = Release|Any CPU
		{3E3C9FFF-6D2B-4815-BC7A-A4F0CB9897AA}.Debug|Any CPU.ActiveCfg = Debug|Any CPU
		{3E3C9FFF-6D2B-4815-BC7A-A4F0CB9897AA}.Debug|Any CPU.Build.0 = Debug|Any CPU
		{3E3C9FFF-6D2B-4815-BC7A-A4F0CB9897AA}.Release|Any CPU.ActiveCfg = Release|Any CPU
		{3E3C9FFF-6D2B-4815-BC7A-A4F0CB9897AA}.Release|Any CPU.Build.0 = Release|Any CPU
	EndGlobalSection
EndGlobal
